{
  "name": "wteklabs.github.io",
  "version": "1.0.0",
  "dependencies": {
    "ansi-regex": {
      "version": "2.1.1",
      "from": "ansi-regex@>=2.0.0 <3.0.0",
      "resolved": "https://registry.npmjs.org/ansi-regex/-/ansi-regex-2.1.1.tgz"
    },
    "argparse": {
      "version": "0.1.16",
      "from": "argparse@>=0.1.15 <0.2.0",
      "resolved": "https://registry.npmjs.org/argparse/-/argparse-0.1.16.tgz"
    },
    "autolinker": {
      "version": "0.15.3",
      "from": "autolinker@>=0.15.0 <0.16.0",
      "resolved": "https://registry.npmjs.org/autolinker/-/autolinker-0.15.3.tgz"
    },
    "builtin-modules": {
      "version": "1.1.1",
      "from": "builtin-modules@>=1.0.0 <2.0.0",
      "resolved": "https://registry.npmjs.org/builtin-modules/-/builtin-modules-1.1.1.tgz"
    },
    "camelcase": {
      "version": "3.0.0",
      "from": "camelcase@>=3.0.0 <4.0.0",
      "resolved": "https://registry.npmjs.org/camelcase/-/camelcase-3.0.0.tgz"
    },
    "cliui": {
      "version": "3.2.0",
      "from": "cliui@>=3.2.0 <4.0.0",
      "resolved": "https://registry.npmjs.org/cliui/-/cliui-3.2.0.tgz"
    },
    "code-point-at": {
      "version": "1.1.0",
      "from": "code-point-at@>=1.0.0 <2.0.0",
      "resolved": "https://registry.npmjs.org/code-point-at/-/code-point-at-1.1.0.tgz"
    },
    "decamelize": {
      "version": "1.2.0",
      "from": "decamelize@>=1.1.1 <2.0.0",
      "resolved": "https://registry.npmjs.org/decamelize/-/decamelize-1.2.0.tgz"
    },
    "doctrine": {
      "version": "1.2.3",
      "from": "doctrine@1.2.3",
      "resolved": "https://registry.npmjs.org/doctrine/-/doctrine-1.2.3.tgz"
    },
    "error-ex": {
      "version": "1.3.1",
      "from": "error-ex@>=1.2.0 <2.0.0",
      "resolved": "https://registry.npmjs.org/error-ex/-/error-ex-1.3.1.tgz"
    },
    "esutils": {
      "version": "2.0.2",
      "from": "esutils@>=2.0.2 <3.0.0",
      "resolved": "https://registry.npmjs.org/esutils/-/esutils-2.0.2.tgz"
    },
    "file": {
      "version": "0.2.2",
      "from": "file@0.2.2",
      "resolved": "https://registry.npmjs.org/file/-/file-0.2.2.tgz"
    },
    "find-parent-dir": {
      "version": "0.3.0",
      "from": "find-parent-dir@0.3.0",
      "resolved": "https://registry.npmjs.org/find-parent-dir/-/find-parent-dir-0.3.0.tgz"
    },
    "find-up": {
      "version": "1.1.2",
      "from": "find-up@>=1.0.0 <2.0.0",
      "resolved": "https://registry.npmjs.org/find-up/-/find-up-1.1.2.tgz"
    },
    "get-caller-file": {
      "version": "1.0.2",
      "from": "get-caller-file@>=1.0.1 <2.0.0",
      "resolved": "https://registry.npmjs.org/get-caller-file/-/get-caller-file-1.0.2.tgz"
    },
    "graceful-fs": {
      "version": "4.1.11",
      "from": "graceful-fs@>=4.1.2 <5.0.0",
      "resolved": "https://registry.npmjs.org/graceful-fs/-/graceful-fs-4.1.11.tgz"
    },
    "hosted-git-info": {
      "version": "2.5.0",
      "from": "hosted-git-info@>=2.1.4 <3.0.0",
      "resolved": "https://registry.npmjs.org/hosted-git-info/-/hosted-git-info-2.5.0.tgz"
    },
    "invert-kv": {
      "version": "1.0.0",
      "from": "invert-kv@>=1.0.0 <2.0.0",
      "resolved": "https://registry.npmjs.org/invert-kv/-/invert-kv-1.0.0.tgz"
    },
    "is-arrayish": {
      "version": "0.2.1",
      "from": "is-arrayish@>=0.2.1 <0.3.0",
      "resolved": "https://registry.npmjs.org/is-arrayish/-/is-arrayish-0.2.1.tgz"
    },
    "is-builtin-module": {
      "version": "1.0.0",
      "from": "is-builtin-module@>=1.0.0 <2.0.0",
      "resolved": "https://registry.npmjs.org/is-builtin-module/-/is-builtin-module-1.0.0.tgz"
    },
    "is-fullwidth-code-point": {
      "version": "1.0.0",
      "from": "is-fullwidth-code-point@>=1.0.0 <2.0.0",
      "resolved": "https://registry.npmjs.org/is-fullwidth-code-point/-/is-fullwidth-code-point-1.0.0.tgz"
    },
    "is-utf8": {
      "version": "0.2.1",
      "from": "is-utf8@>=0.2.0 <0.3.0",
      "resolved": "https://registry.npmjs.org/is-utf8/-/is-utf8-0.2.1.tgz"
    },
    "isarray": {
      "version": "1.0.0",
      "from": "isarray@>=1.0.0 <2.0.0",
      "resolved": "https://registry.npmjs.org/isarray/-/isarray-1.0.0.tgz"
    },
    "jquery": {
      "version": "3.2.1",
      "from": "jquery@latest",
      "resolved": "https://registry.npmjs.org/jquery/-/jquery-3.2.1.tgz"
    },
    "lcid": {
      "version": "1.0.0",
      "from": "lcid@>=1.0.0 <2.0.0",
      "resolved": "https://registry.npmjs.org/lcid/-/lcid-1.0.0.tgz"
    },
    "load-json-file": {
      "version": "1.1.0",
      "from": "load-json-file@>=1.0.0 <2.0.0",
      "resolved": "https://registry.npmjs.org/load-json-file/-/load-json-file-1.1.0.tgz"
    },
    "lodash": {
      "version": "4.17.4",
      "from": "lodash@4.17.4",
      "resolved": "https://registry.npmjs.org/lodash/-/lodash-4.17.4.tgz"
    },
    "minimist": {
      "version": "0.0.8",
      "from": "minimist@0.0.8",
      "resolved": "https://registry.npmjs.org/minimist/-/minimist-0.0.8.tgz"
    },
    "mkdirp": {
      "version": "0.5.1",
      "from": "mkdirp@0.5.1",
      "resolved": "https://registry.npmjs.org/mkdirp/-/mkdirp-0.5.1.tgz"
    },
    "modernizr": {
      "version": "3.5.0",
      "from": "modernizr@latest",
      "resolved": "https://registry.npmjs.org/modernizr/-/modernizr-3.5.0.tgz"
    },
    "normalize-package-data": {
      "version": "2.4.0",
      "from": "normalize-package-data@>=2.3.2 <3.0.0",
      "resolved": "https://registry.npmjs.org/normalize-package-data/-/normalize-package-data-2.4.0.tgz"
    },
    "number-is-nan": {
      "version": "1.0.1",
      "from": "number-is-nan@>=1.0.0 <2.0.0",
      "resolved": "https://registry.npmjs.org/number-is-nan/-/number-is-nan-1.0.1.tgz"
    },
    "os-locale": {
      "version": "1.4.0",
      "from": "os-locale@>=1.4.0 <2.0.0",
      "resolved": "https://registry.npmjs.org/os-locale/-/os-locale-1.4.0.tgz"
    },
    "parse-json": {
      "version": "2.2.0",
      "from": "parse-json@>=2.2.0 <3.0.0",
      "resolved": "https://registry.npmjs.org/parse-json/-/parse-json-2.2.0.tgz"
    },
    "path-exists": {
      "version": "2.1.0",
      "from": "path-exists@>=2.0.0 <3.0.0",
      "resolved": "https://registry.npmjs.org/path-exists/-/path-exists-2.1.0.tgz"
    },
    "path-type": {
      "version": "1.1.0",
      "from": "path-type@>=1.0.0 <2.0.0",
      "resolved": "https://registry.npmjs.org/path-type/-/path-type-1.1.0.tgz"
    },
    "pify": {
      "version": "2.3.0",
      "from": "pify@>=2.0.0 <3.0.0",
      "resolved": "https://registry.npmjs.org/pify/-/pify-2.3.0.tgz"
    },
    "pinkie": {
      "version": "2.0.4",
      "from": "pinkie@>=2.0.0 <3.0.0",
      "resolved": "https://registry.npmjs.org/pinkie/-/pinkie-2.0.4.tgz"
    },
    "pinkie-promise": {
      "version": "2.0.1",
      "from": "pinkie-promise@>=2.0.0 <3.0.0",
      "resolved": "https://registry.npmjs.org/pinkie-promise/-/pinkie-promise-2.0.1.tgz"
    },
    "read-pkg": {
      "version": "1.1.0",
      "from": "read-pkg@>=1.0.0 <2.0.0",
      "resolved": "https://registry.npmjs.org/read-pkg/-/read-pkg-1.1.0.tgz"
    },
    "read-pkg-up": {
      "version": "1.0.1",
      "from": "read-pkg-up@>=1.0.1 <2.0.0",
      "resolved": "https://registry.npmjs.org/read-pkg-up/-/read-pkg-up-1.0.1.tgz"
    },
    "remarkable": {
      "version": "1.7.1",
      "from": "remarkable@>=1.6.2 <2.0.0",
      "resolved": "https://registry.npmjs.org/remarkable/-/remarkable-1.7.1.tgz"
    },
    "require-directory": {
      "version": "2.1.1",
      "from": "require-directory@>=2.1.1 <3.0.0",
      "resolved": "https://registry.npmjs.org/require-directory/-/require-directory-2.1.1.tgz"
    },
    "require-main-filename": {
      "version": "1.0.1",
      "from": "require-main-filename@>=1.0.1 <2.0.0",
      "resolved": "https://registry.npmjs.org/require-main-filename/-/require-main-filename-1.0.1.tgz"
    },
    "requirejs": {
      "version": "2.1.22",
      "from": "requirejs@2.1.22",
      "resolved": "https://registry.npmjs.org/requirejs/-/requirejs-2.1.22.tgz"
    },
    "semver": {
      "version": "5.4.1",
      "from": "semver@>=2.0.0 <3.0.0||>=3.0.0 <4.0.0||>=4.0.0 <5.0.0||>=5.0.0 <6.0.0",
      "resolved": "https://registry.npmjs.org/semver/-/semver-5.4.1.tgz"
    },
    "set-blocking": {
      "version": "2.0.0",
      "from": "set-blocking@>=2.0.0 <3.0.0",
      "resolved": "https://registry.npmjs.org/set-blocking/-/set-blocking-2.0.0.tgz"
    },
    "spdx-correct": {
      "version": "1.0.2",
      "from": "spdx-correct@>=1.0.0 <1.1.0",
      "resolved": "https://registry.npmjs.org/spdx-correct/-/spdx-correct-1.0.2.tgz"
    },
    "spdx-expression-parse": {
      "version": "1.0.4",
      "from": "spdx-expression-parse@>=1.0.0 <1.1.0",
      "resolved": "https://registry.npmjs.org/spdx-expression-parse/-/spdx-expression-parse-1.0.4.tgz"
    },
    "spdx-license-ids": {
      "version": "1.2.2",
      "from": "spdx-license-ids@>=1.0.2 <2.0.0",
      "resolved": "https://registry.npmjs.org/spdx-license-ids/-/spdx-license-ids-1.2.2.tgz"
    },
    "string-width": {
      "version": "1.0.2",
      "from": "string-width@>=1.0.2 <2.0.0",
      "resolved": "https://registry.npmjs.org/string-width/-/string-width-1.0.2.tgz"
    },
    "strip-ansi": {
      "version": "3.0.1",
      "from": "strip-ansi@>=3.0.1 <4.0.0",
      "resolved": "https://registry.npmjs.org/strip-ansi/-/strip-ansi-3.0.1.tgz"
    },
    "strip-bom": {
      "version": "2.0.0",
      "from": "strip-bom@>=2.0.0 <3.0.0",
      "resolved": "https://registry.npmjs.org/strip-bom/-/strip-bom-2.0.0.tgz"
    },
    "underscore": {
      "version": "1.7.0",
      "from": "underscore@>=1.7.0 <1.8.0",
      "resolved": "https://registry.npmjs.org/underscore/-/underscore-1.7.0.tgz"
    },
    "underscore.string": {
      "version": "2.4.0",
      "from": "underscore.string@>=2.4.0 <2.5.0",
      "resolved": "https://registry.npmjs.org/underscore.string/-/underscore.string-2.4.0.tgz"
    },
    "validate-npm-package-license": {
      "version": "3.0.1",
      "from": "validate-npm-package-license@>=3.0.1 <4.0.0",
      "resolved": "https://registry.npmjs.org/validate-npm-package-license/-/validate-npm-package-license-3.0.1.tgz"
    },
    "which-module": {
      "version": "1.0.0",
      "from": "which-module@>=1.0.0 <2.0.0",
      "resolved": "https://registry.npmjs.org/which-module/-/which-module-1.0.0.tgz"
    },
    "wrap-ansi": {
      "version": "2.1.0",
      "from": "wrap-ansi@>=2.0.0 <3.0.0",
      "resolved": "https://registry.npmjs.org/wrap-ansi/-/wrap-ansi-2.1.0.tgz"
    },
    "y18n": {
      "version": "3.2.1",
      "from": "y18n@>=3.2.1 <4.0.0",
      "resolved": "https://registry.npmjs.org/y18n/-/y18n-3.2.1.tgz"
    },
    "yargs": {
      "version": "7.0.2",
      "from": "yargs@7.0.2",
      "resolved": "https://registry.npmjs.org/yargs/-/yargs-7.0.2.tgz"
    },
    "yargs-parser": {
      "version": "5.0.0",
      "from": "yargs-parser@>=5.0.0 <6.0.0",
      "resolved": "https://registry.npmjs.org/yargs-parser/-/yargs-parser-5.0.0.tgz"
    }
  }
}
